<?xml version="1.0" encoding="utf-8"?>
<Project ToolsVersion="4.0" xmlns="http://schemas.microsoft.com/developer/msbuild/2003">
  <ItemGroup>
    <Filter Include="Archivos de código fuente">
      <UniqueIdentifier>{4FC737F1-C7A5-4376-A066-2A32D752A2FF}</UniqueIdentifier>
      <Extensions>cpp;c;cc;cxx;def;odl;idl;hpj;bat;asm;asmx</Extensions>
    </Filter>
    <Filter Include="Archivos de encabezado">
      <UniqueIdentifier>{93995380-89BD-4b04-88EB-625FBE52EBFB}</UniqueIdentifier>
      <Extensions>h;hh;hpp;hxx;hm;inl;inc;xsd</Extensions>
    </Filter>
    <Filter Include="Archivos de recursos">
      <UniqueIdentifier>{67DA6AB6-F800-4c08-8B7A-83BB121AAD01}</UniqueIdentifier>
      <Extensions>rc;ico;cur;bmp;dlg;rc2;rct;bin;rgs;gif;jpg;jpeg;jpe;resx;tiff;tif;png;wav;mfcribbon-ms</Extensions>
    </Filter>
    <Filter Include="Archivos de código fuente\Algoritms">
      <UniqueIdentifier>{fb7223e7-279a-46c0-91cd-d7d4f65c6995}</UniqueIdentifier>
    </Filter>
    <Filter Include="Archivos de encabezado\Algoritms">
      <UniqueIdentifier>{60ca4e82-1e34-4e55-a0e0-cf5c59983b5e}</UniqueIdentifier>
    </Filter>
    <Filter Include="Archivos de código fuente\Util">
      <UniqueIdentifier>{8c7a910a-c36b-47bf-ae0d-b087270b951e}</UniqueIdentifier>
    </Filter>
    <Filter Include="Archivos de encabezado\Util">
      <UniqueIdentifier>{b80065fc-4699-4626-8ff6-02a262244ec4}</UniqueIdentifier>
    </Filter>
  </ItemGroup>
  <ItemGroup>
    <ClCompile Include="Main.cpp">
      <Filter>Archivos de código fuente</Filter>
    </ClCompile>
    <ClCompile Include="Alg_InverseMatrix.cpp">
      <Filter>Archivos de código fuente\Algoritms</Filter>
    </ClCompile>
    <ClCompile Include="Alg_ResolveSystemEquation.cpp">
      <Filter>Archivos de código fuente\Algoritms</Filter>
    </ClCompile>
    <ClCompile Include="UI_MatrixFiller.cpp">
      <Filter>Archivos de código fuente\Util</Filter>
    </ClCompile>
    <ClCompile Include="UI_MatrixGenerator.cpp">
      <Filter>Archivos de código fuente\Util</Filter>
    </ClCompile>
    <ClCompile Include="UI_MatrixReader.cpp">
      <Filter>Archivos de código fuente\Util</Filter>
    </ClCompile>
    <ClCompile Include="Util_Matrix.cpp">
      <Filter>Archivos de código fuente\Util</Filter>
    </ClCompile>
    <ClCompile Include="Util_Vector.cpp">
      <Filter>Archivos de código fuente\Util</Filter>
    </ClCompile>
    <ClCompile Include="Alg_MatrixMultiplication.cpp">
      <Filter>Archivos de código fuente\Algoritms</Filter>
    </ClCompile>
    <ClCompile Include="Alg_MatrixMultScalar.cpp">
      <Filter>Archivos de código fuente\Algoritms</Filter>
    </ClCompile>
    <ClCompile Include="Alg_MatrixSum.cpp">
      <Filter>Archivos de código fuente\Algoritms</Filter>
    </ClCompile>
    <ClCompile Include="Alg_MatrixTranspose.cpp">
      <Filter>Archivos de código fuente\Algoritms</Filter>
    </ClCompile>
    <ClCompile Include="Form_MatrixScalar.cpp">
      <Filter>Archivos de código fuente</Filter>
    </ClCompile>
    <ClCompile Include="Form_MatrixMultiplication.cpp">
      <Filter>Archivos de código fuente</Filter>
    </ClCompile>
    <ClCompile Include="Form_MatrixTranspose.cpp">
      <Filter>Archivos de código fuente</Filter>
    </ClCompile>
  </ItemGroup>
  <ItemGroup>
    <ClInclude Include="Alg_InverseMatrix.h">
      <Filter>Archivos de encabezado\Algoritms</Filter>
    </ClInclude>
    <ClInclude Include="Alg_ResolveSystemEquation.h">
      <Filter>Archivos de encabezado\Algoritms</Filter>
    </ClInclude>
    <ClInclude Include="UI_MatrixFiller.h">
      <Filter>Archivos de encabezado\Util</Filter>
    </ClInclude>
    <ClInclude Include="UI_MatrixGenerator.h">
      <Filter>Archivos de encabezado\Util</Filter>
    </ClInclude>
    <ClInclude Include="UI_MatrixReader.h">
      <Filter>Archivos de encabezado\Util</Filter>
    </ClInclude>
    <ClInclude Include="Util_Matrix.h">
      <Filter>Archivos de encabezado\Util</Filter>
    </ClInclude>
    <ClInclude Include="Util_Vector.h">
      <Filter>Archivos de encabezado\Util</Filter>
    </ClInclude>
    <ClInclude Include="Form_MatrixSum.h">
      <Filter>Archivos de encabezado</Filter>
    </ClInclude>
    <ClInclude Include="Form_StartMenu.h">
      <Filter>Archivos de encabezado</Filter>
    </ClInclude>
    <ClInclude Include="Alg_MatrixMultiplication.h">
      <Filter>Archivos de encabezado\Algoritms</Filter>
    </ClInclude>
    <ClInclude Include="Alg_MatrixMultScalar.h">
      <Filter>Archivos de encabezado\Algoritms</Filter>
    </ClInclude>
    <ClInclude Include="Alg_MatrixSum.h">
      <Filter>Archivos de encabezado\Algoritms</Filter>
    </ClInclude>
    <ClInclude Include="Alg_MatrixTranspose.h">
      <Filter>Archivos de encabezado\Algoritms</Filter>
    </ClInclude>
    <ClInclude Include="Form_MatrixScalar.h">
      <Filter>Archivos de encabezado</Filter>
    </ClInclude>
    <ClInclude Include="Form_MatrixMultiplication.h">
      <Filter>Archivos de encabezado</Filter>
    </ClInclude>
    <ClInclude Include="Form_MatrixTranspose.h">
      <Filter>Archivos de encabezado</Filter>
    </ClInclude>
  </ItemGroup>
  <ItemGroup>
    <EmbeddedResource Include="Form_MatrixSum.resx">
      <Filter>Archivos de recursos</Filter>
    </EmbeddedResource>
    <EmbeddedResource Include="Form_StartMenu.resx">
      <Filter>Archivos de recursos</Filter>
    </EmbeddedResource>
    <EmbeddedResource Include="Form_MatrixScalar.resx">
      <Filter>Archivos de recursos</Filter>
    </EmbeddedResource>
    <EmbeddedResource Include="Form_MatrixMultiplication.resx">
      <Filter>Archivos de recursos</Filter>
    </EmbeddedResource>
  </ItemGroup>
  <ItemGroup>
    <None Include="ClassDiagram.cd" />
  </ItemGroup>
</Project>